{
  "sources": {
    "sqlite": {
      "locked_version": "1.0.0"
    },
    "ruby_build": {
      "locked_version": "0.8.0"
    },
    "rbenv": {
      "locked_version": "0.7.3",
      "git": "git@github.com:fnichol/chef-rbenv.git",
      "ref": "0a3018634bafe58ad21c6ee271af015220e444b9"
    },
    "mysql": {
      "locked_version": "4.1.2"
    },
    "nginx": {
      "locked_version": "2.4.4"
    },
    "imagemagick": {
      "locked_version": "0.2.3"
    },
    "java": {
      "locked_version": "1.22.0"
    },
    "openssl": {
      "locked_version": "1.1.0"
    },
    "build-essential": {
      "locked_version": "1.4.4"
    },
    "homebrew": {
      "locked_version": "1.5.4"
    },
    "windows": {
      "locked_version": "1.30.0"
    },
    "chef_handler": {
      "locked_version": "1.1.5"
    },
    "apt": {
      "locked_version": "2.3.8"
    },
    "bluepill": {
      "locked_version": "2.3.1"
    },
    "rsyslog": {
      "locked_version": "1.12.2"
    },
    "ohai": {
      "locked_version": "1.1.12"
    },
    "runit": {
      "locked_version": "1.5.10"
    },
    "yum": {
      "locked_version": "3.1.4"
    },
    "yum-epel": {
      "locked_version": "0.3.4"
    }
  }
}
